
Microsoft Visual Studio Solution File, Format Version 12.00
# Visual Studio Version 16
VisualStudioVersion = 16.0.30717.126
MinimumVisualStudioVersion = 10.0.40219.1
Project("{9A19103F-16F7-4668-BE54-9A1E7A4F7556}") = "AggregatedGenericResultMessage", "AggregatedGenericResultMessage\AggregatedGenericResultMessage.csproj", "{740FB2DC-744A-48D2-B7DE-87FE8F056C5D}"
EndProject
Project("{2150E333-8FDC-42A3-9474-1A3956D46DE8}") = "tests", "tests", "{1E26CD83-A278-409B-9C3C-59D155DD4FC5}"
EndProject
Project("{9A19103F-16F7-4668-BE54-9A1E7A4F7556}") = "InfoResultTests", "tests\InfoResultTests\InfoResultTests.csproj", "{06C25984-A2A4-44ED-BB7C-B885A22661A7}"
EndProject
Project("{2150E333-8FDC-42A3-9474-1A3956D46DE8}") = "shared", "shared", "{27BCDEA8-A84D-4ADC-BCB8-EF957335A4D1}"
	ProjectSection(SolutionItems) = preProject
		shared\GeneralAssemblyInfo.cs = shared\GeneralAssemblyInfo.cs
	EndProjectSection
EndProject
Project("{FAE04EC0-301F-11D3-BF4B-00C04F79EFBC}") = "WebApp", "tests\WebApp\WebApp.csproj", "{4B5C951B-7D40-4B2C-84A0-94D83E702738}"
EndProject
Project("{9A19103F-16F7-4668-BE54-9A1E7A4F7556}") = "WebApplication", "tests\WebApplication\WebApplication.csproj", "{B8147502-483F-4A7C-BCC0-DF1E16216CB4}"
EndProject
Project("{FAE04EC0-301F-11D3-BF4B-00C04F79EFBC}") = "TestWebServSvc", "tests\TestWebServSvc\TestWebServSvc.csproj", "{2D092601-7494-48A9-B676-DD5E49E5CC55}"
EndProject
Project("{FAE04EC0-301F-11D3-BF4B-00C04F79EFBC}") = "TestWebSrv45", "tests\TestWebSrv45\TestWebSrv45.csproj", "{9737387D-3E27-4014-B0CC-F297A17D48F9}"
EndProject
Project("{FAE04EC0-301F-11D3-BF4B-00C04F79EFBC}") = "TestWebSrv461", "tests\TestWebSrv461\TestWebSrv461.csproj", "{38DBA916-19DA-454F-B3BA-3C3C06647F78}"
EndProject
Global
	GlobalSection(SolutionConfigurationPlatforms) = preSolution
		Debug|Any CPU = Debug|Any CPU
		Release|Any CPU = Release|Any CPU
	EndGlobalSection
	GlobalSection(ProjectConfigurationPlatforms) = postSolution
		{740FB2DC-744A-48D2-B7DE-87FE8F056C5D}.Debug|Any CPU.ActiveCfg = Debug|Any CPU
		{740FB2DC-744A-48D2-B7DE-87FE8F056C5D}.Debug|Any CPU.Build.0 = Debug|Any CPU
		{740FB2DC-744A-48D2-B7DE-87FE8F056C5D}.Release|Any CPU.ActiveCfg = Release|Any CPU
		{740FB2DC-744A-48D2-B7DE-87FE8F056C5D}.Release|Any CPU.Build.0 = Release|Any CPU
		{06C25984-A2A4-44ED-BB7C-B885A22661A7}.Debug|Any CPU.ActiveCfg = Debug|Any CPU
		{06C25984-A2A4-44ED-BB7C-B885A22661A7}.Debug|Any CPU.Build.0 = Debug|Any CPU
		{06C25984-A2A4-44ED-BB7C-B885A22661A7}.Release|Any CPU.ActiveCfg = Release|Any CPU
		{06C25984-A2A4-44ED-BB7C-B885A22661A7}.Release|Any CPU.Build.0 = Release|Any CPU
		{4B5C951B-7D40-4B2C-84A0-94D83E702738}.Debug|Any CPU.ActiveCfg = Debug|Any CPU
		{4B5C951B-7D40-4B2C-84A0-94D83E702738}.Debug|Any CPU.Build.0 = Debug|Any CPU
		{4B5C951B-7D40-4B2C-84A0-94D83E702738}.Release|Any CPU.ActiveCfg = Release|Any CPU
		{4B5C951B-7D40-4B2C-84A0-94D83E702738}.Release|Any CPU.Build.0 = Release|Any CPU
		{B8147502-483F-4A7C-BCC0-DF1E16216CB4}.Debug|Any CPU.ActiveCfg = Debug|Any CPU
		{B8147502-483F-4A7C-BCC0-DF1E16216CB4}.Debug|Any CPU.Build.0 = Debug|Any CPU
		{B8147502-483F-4A7C-BCC0-DF1E16216CB4}.Release|Any CPU.ActiveCfg = Release|Any CPU
		{B8147502-483F-4A7C-BCC0-DF1E16216CB4}.Release|Any CPU.Build.0 = Release|Any CPU
		{2D092601-7494-48A9-B676-DD5E49E5CC55}.Debug|Any CPU.ActiveCfg = Debug|Any CPU
		{2D092601-7494-48A9-B676-DD5E49E5CC55}.Debug|Any CPU.Build.0 = Debug|Any CPU
		{2D092601-7494-48A9-B676-DD5E49E5CC55}.Release|Any CPU.ActiveCfg = Release|Any CPU
		{2D092601-7494-48A9-B676-DD5E49E5CC55}.Release|Any CPU.Build.0 = Release|Any CPU
		{9737387D-3E27-4014-B0CC-F297A17D48F9}.Debug|Any CPU.ActiveCfg = Debug|Any CPU
		{9737387D-3E27-4014-B0CC-F297A17D48F9}.Debug|Any CPU.Build.0 = Debug|Any CPU
		{9737387D-3E27-4014-B0CC-F297A17D48F9}.Release|Any CPU.ActiveCfg = Release|Any CPU
		{9737387D-3E27-4014-B0CC-F297A17D48F9}.Release|Any CPU.Build.0 = Release|Any CPU
		{38DBA916-19DA-454F-B3BA-3C3C06647F78}.Debug|Any CPU.ActiveCfg = Debug|Any CPU
		{38DBA916-19DA-454F-B3BA-3C3C06647F78}.Debug|Any CPU.Build.0 = Debug|Any CPU
		{38DBA916-19DA-454F-B3BA-3C3C06647F78}.Release|Any CPU.ActiveCfg = Release|Any CPU
		{38DBA916-19DA-454F-B3BA-3C3C06647F78}.Release|Any CPU.Build.0 = Release|Any CPU
	EndGlobalSection
	GlobalSection(SolutionProperties) = preSolution
		HideSolutionNode = FALSE
	EndGlobalSection
	GlobalSection(NestedProjects) = preSolution
		{06C25984-A2A4-44ED-BB7C-B885A22661A7} = {1E26CD83-A278-409B-9C3C-59D155DD4FC5}
		{4B5C951B-7D40-4B2C-84A0-94D83E702738} = {1E26CD83-A278-409B-9C3C-59D155DD4FC5}
		{B8147502-483F-4A7C-BCC0-DF1E16216CB4} = {1E26CD83-A278-409B-9C3C-59D155DD4FC5}
		{2D092601-7494-48A9-B676-DD5E49E5CC55} = {1E26CD83-A278-409B-9C3C-59D155DD4FC5}
		{9737387D-3E27-4014-B0CC-F297A17D48F9} = {1E26CD83-A278-409B-9C3C-59D155DD4FC5}
		{38DBA916-19DA-454F-B3BA-3C3C06647F78} = {1E26CD83-A278-409B-9C3C-59D155DD4FC5}
	EndGlobalSection
	GlobalSection(ExtensibilityGlobals) = postSolution
		SolutionGuid = {E5145C1B-44A8-4D9A-86C4-4B55AA23C77A}
		BuildVersion_BuildVersioningStyle = None.None.Increment.TimeStamp
		BuildVersion_UpdateAssemblyVersion = True
		BuildVersion_UpdateFileVersion = True
		BuildVersion_StartDate = 2022/7/2
		BuildVersion_AssemblyInfoFilename = shared\GeneralAssemblyInfo.cs
		BuildVersion_ConfigurationName = Release
		BuildVersion_UseUniversalClock = True
	EndGlobalSection
EndGlobal
